
Microsoft Visual Studio Solution File, Format Version 12.00
# Visual Studio Version 16
VisualStudioVersion = 16.0.29920.165
MinimumVisualStudioVersion = 10.0.40219.1
Project("{FAE04EC0-301F-11D3-BF4B-00C04F79EFBC}") = "TPC_RESLER", "TPC_RESLER\TPC_RESLER.csproj", "{90CF0D67-0515-4586-873B-BA2E5ABB0F5F}"
EndProject
Project("{FAE04EC0-301F-11D3-BF4B-00C04F79EFBC}") = "Dominio", "Dominio\Dominio.csproj", "{EB4A4A72-E3AE-49E9-8BEC-304CA666F741}"
EndProject
Project("{FAE04EC0-301F-11D3-BF4B-00C04F79EFBC}") = "Negocio", "Negocio\Negocio.csproj", "{A47FC164-B9C2-49D0-B3C7-B5618A9BBE25}"
EndProject
Global
	GlobalSection(SolutionConfigurationPlatforms) = preSolution
		Debug|Any CPU = Debug|Any CPU
		Release|Any CPU = Release|Any CPU
	EndGlobalSection
	GlobalSection(ProjectConfigurationPlatforms) = postSolution
		{90CF0D67-0515-4586-873B-BA2E5ABB0F5F}.Debug|Any CPU.ActiveCfg = Debug|Any CPU
		{90CF0D67-0515-4586-873B-BA2E5ABB0F5F}.Debug|Any CPU.Build.0 = Debug|Any CPU
		{90CF0D67-0515-4586-873B-BA2E5ABB0F5F}.Release|Any CPU.ActiveCfg = Release|Any CPU
		{90CF0D67-0515-4586-873B-BA2E5ABB0F5F}.Release|Any CPU.Build.0 = Release|Any CPU
		{EB4A4A72-E3AE-49E9-8BEC-304CA666F741}.Debug|Any CPU.ActiveCfg = Debug|Any CPU
		{EB4A4A72-E3AE-49E9-8BEC-304CA666F741}.Debug|Any CPU.Build.0 = Debug|Any CPU
		{EB4A4A72-E3AE-49E9-8BEC-304CA666F741}.Release|Any CPU.ActiveCfg = Release|Any CPU
		{EB4A4A72-E3AE-49E9-8BEC-304CA666F741}.Release|Any CPU.Build.0 = Release|Any CPU
		{A47FC164-B9C2-49D0-B3C7-B5618A9BBE25}.Debug|Any CPU.ActiveCfg = Debug|Any CPU
		{A47FC164-B9C2-49D0-B3C7-B5618A9BBE25}.Debug|Any CPU.Build.0 = Debug|Any CPU
		{A47FC164-B9C2-49D0-B3C7-B5618A9BBE25}.Release|Any CPU.ActiveCfg = Release|Any CPU
		{A47FC164-B9C2-49D0-B3C7-B5618A9BBE25}.Release|Any CPU.Build.0 = Release|Any CPU
	EndGlobalSection
	GlobalSection(SolutionProperties) = preSolution
		HideSolutionNode = FALSE
	EndGlobalSection
	GlobalSection(ExtensibilityGlobals) = postSolution
		SolutionGuid = {1B919335-4BBA-433C-9F71-F7FFB3E38CBB}
	EndGlobalSection
EndGlobal
